
Microsoft Visual Studio Solution File, Format Version 12.00
# Visual Studio Version 16
VisualStudioVersion = 16.0.29519.87
MinimumVisualStudioVersion = 10.0.40219.1
Project("{FAE04EC0-301F-11D3-BF4B-00C04F79EFBC}") = "ConsoleApp1MinimalNumber", "ConsoleApp1MinimalNumber\ConsoleApp1MinimalNumber.csproj", "{C86C0CDE-EC89-4719-A717-1CF195239933}"
EndProject
Project("{FAE04EC0-301F-11D3-BF4B-00C04F79EFBC}") = "ConsoleApp2CountNumbersOfNumber", "ConsoleApp2CountNumbersOfNumber\ConsoleApp2CountNumbersOfNumber.csproj", "{7C26077F-F918-49FC-874B-4DB2D98095EC}"
EndProject
Project("{FAE04EC0-301F-11D3-BF4B-00C04F79EFBC}") = "ConsoleApp3CountWhenNumbers", "ConsoleApp3CountWhenNumbers\ConsoleApp3CountWhenNumbers.csproj", "{B811918A-0F27-46C2-AAF5-3C16E5F8BE2C}"
EndProject
Global
	GlobalSection(SolutionConfigurationPlatforms) = preSolution
		Debug|Any CPU = Debug|Any CPU
		Release|Any CPU = Release|Any CPU
	EndGlobalSection
	GlobalSection(ProjectConfigurationPlatforms) = postSolution
		{C86C0CDE-EC89-4719-A717-1CF195239933}.Debug|Any CPU.ActiveCfg = Debug|Any CPU
		{C86C0CDE-EC89-4719-A717-1CF195239933}.Debug|Any CPU.Build.0 = Debug|Any CPU
		{C86C0CDE-EC89-4719-A717-1CF195239933}.Release|Any CPU.ActiveCfg = Release|Any CPU
		{C86C0CDE-EC89-4719-A717-1CF195239933}.Release|Any CPU.Build.0 = Release|Any CPU
		{7C26077F-F918-49FC-874B-4DB2D98095EC}.Debug|Any CPU.ActiveCfg = Debug|Any CPU
		{7C26077F-F918-49FC-874B-4DB2D98095EC}.Debug|Any CPU.Build.0 = Debug|Any CPU
		{7C26077F-F918-49FC-874B-4DB2D98095EC}.Release|Any CPU.ActiveCfg = Release|Any CPU
		{7C26077F-F918-49FC-874B-4DB2D98095EC}.Release|Any CPU.Build.0 = Release|Any CPU
		{B811918A-0F27-46C2-AAF5-3C16E5F8BE2C}.Debug|Any CPU.ActiveCfg = Debug|Any CPU
		{B811918A-0F27-46C2-AAF5-3C16E5F8BE2C}.Debug|Any CPU.Build.0 = Debug|Any CPU
		{B811918A-0F27-46C2-AAF5-3C16E5F8BE2C}.Release|Any CPU.ActiveCfg = Release|Any CPU
		{B811918A-0F27-46C2-AAF5-3C16E5F8BE2C}.Release|Any CPU.Build.0 = Release|Any CPU
	EndGlobalSection
	GlobalSection(SolutionProperties) = preSolution
		HideSolutionNode = FALSE
	EndGlobalSection
	GlobalSection(ExtensibilityGlobals) = postSolution
		SolutionGuid = {8F53C0D0-986E-4519-8E9F-0E66B288CD61}
	EndGlobalSection
EndGlobal
