
Microsoft Visual Studio Solution File, Format Version 12.00
# Visual Studio Version 16
VisualStudioVersion = 16.0.29609.76
MinimumVisualStudioVersion = 10.0.40219.1
Project("{FAE04EC0-301F-11D3-BF4B-00C04F79EFBC}") = "WindowsFormsApp1Doubler", "WindowsFormsApp1Doubler\WindowsFormsApp1Doubler.csproj", "{425470FA-8138-4C2F-B1A7-562824606A95}"
EndProject
Project("{FAE04EC0-301F-11D3-BF4B-00C04F79EFBC}") = "WindowsFormsApp2GuessNumber", "WindowsFormsApp2GuessNumber\WindowsFormsApp2GuessNumber.csproj", "{4EE94444-6019-41C2-8555-AE8CA2BA2EA0}"
EndProject
Global
	GlobalSection(SolutionConfigurationPlatforms) = preSolution
		Debug|Any CPU = Debug|Any CPU
		Release|Any CPU = Release|Any CPU
	EndGlobalSection
	GlobalSection(ProjectConfigurationPlatforms) = postSolution
		{425470FA-8138-4C2F-B1A7-562824606A95}.Debug|Any CPU.ActiveCfg = Debug|Any CPU
		{425470FA-8138-4C2F-B1A7-562824606A95}.Debug|Any CPU.Build.0 = Debug|Any CPU
		{425470FA-8138-4C2F-B1A7-562824606A95}.Release|Any CPU.ActiveCfg = Release|Any CPU
		{425470FA-8138-4C2F-B1A7-562824606A95}.Release|Any CPU.Build.0 = Release|Any CPU
		{4EE94444-6019-41C2-8555-AE8CA2BA2EA0}.Debug|Any CPU.ActiveCfg = Debug|Any CPU
		{4EE94444-6019-41C2-8555-AE8CA2BA2EA0}.Debug|Any CPU.Build.0 = Debug|Any CPU
		{4EE94444-6019-41C2-8555-AE8CA2BA2EA0}.Release|Any CPU.ActiveCfg = Release|Any CPU
		{4EE94444-6019-41C2-8555-AE8CA2BA2EA0}.Release|Any CPU.Build.0 = Release|Any CPU
	EndGlobalSection
	GlobalSection(SolutionProperties) = preSolution
		HideSolutionNode = FALSE
	EndGlobalSection
	GlobalSection(ExtensibilityGlobals) = postSolution
		SolutionGuid = {93DCE150-68F4-4313-899E-F3C3773029B9}
	EndGlobalSection
EndGlobal
