
Microsoft Visual Studio Solution File, Format Version 12.00
# Visual Studio Version 16
VisualStudioVersion = 16.0.29519.87
MinimumVisualStudioVersion = 10.0.40219.1
Project("{FAE04EC0-301F-11D3-BF4B-00C04F79EFBC}") = "ConsoleApp1LoginPassword", "ConsoleApp1LoginPassword\ConsoleApp1LoginPassword.csproj", "{B54C6D54-CB4A-492B-9E10-D6796244F65D}"
EndProject
Global
	GlobalSection(SolutionConfigurationPlatforms) = preSolution
		Debug|Any CPU = Debug|Any CPU
		Release|Any CPU = Release|Any CPU
	EndGlobalSection
	GlobalSection(ProjectConfigurationPlatforms) = postSolution
		{B54C6D54-CB4A-492B-9E10-D6796244F65D}.Debug|Any CPU.ActiveCfg = Debug|Any CPU
		{B54C6D54-CB4A-492B-9E10-D6796244F65D}.Debug|Any CPU.Build.0 = Debug|Any CPU
		{B54C6D54-CB4A-492B-9E10-D6796244F65D}.Release|Any CPU.ActiveCfg = Release|Any CPU
		{B54C6D54-CB4A-492B-9E10-D6796244F65D}.Release|Any CPU.Build.0 = Release|Any CPU
	EndGlobalSection
	GlobalSection(SolutionProperties) = preSolution
		HideSolutionNode = FALSE
	EndGlobalSection
	GlobalSection(ExtensibilityGlobals) = postSolution
		SolutionGuid = {5E012F81-2685-45A4-8B33-130EAE20C8B3}
	EndGlobalSection
EndGlobal
