
Microsoft Visual Studio Solution File, Format Version 12.00
# Visual Studio Version 16
VisualStudioVersion = 16.0.29519.87
MinimumVisualStudioVersion = 10.0.40219.1
Project("{FAE04EC0-301F-11D3-BF4B-00C04F79EFBC}") = "ConsoleApp1Complex", "ConsoleApp1Complex\ConsoleApp1Complex.csproj", "{BA68B546-27F7-4CD2-9DCC-B7134569FE3B}"
EndProject
Global
	GlobalSection(SolutionConfigurationPlatforms) = preSolution
		Debug|Any CPU = Debug|Any CPU
		Release|Any CPU = Release|Any CPU
	EndGlobalSection
	GlobalSection(ProjectConfigurationPlatforms) = postSolution
		{BA68B546-27F7-4CD2-9DCC-B7134569FE3B}.Debug|Any CPU.ActiveCfg = Debug|Any CPU
		{BA68B546-27F7-4CD2-9DCC-B7134569FE3B}.Debug|Any CPU.Build.0 = Debug|Any CPU
		{BA68B546-27F7-4CD2-9DCC-B7134569FE3B}.Release|Any CPU.ActiveCfg = Release|Any CPU
		{BA68B546-27F7-4CD2-9DCC-B7134569FE3B}.Release|Any CPU.Build.0 = Release|Any CPU
	EndGlobalSection
	GlobalSection(SolutionProperties) = preSolution
		HideSolutionNode = FALSE
	EndGlobalSection
	GlobalSection(ExtensibilityGlobals) = postSolution
		SolutionGuid = {D104E1EA-7280-4C6A-81A5-1F404AFBC4D7}
	EndGlobalSection
EndGlobal
