
Microsoft Visual Studio Solution File, Format Version 12.00
# Visual Studio Version 16
VisualStudioVersion = 16.0.29519.87
MinimumVisualStudioVersion = 10.0.40219.1
Project("{FAE04EC0-301F-11D3-BF4B-00C04F79EFBC}") = "ConsoleApp1TableFunction", "ConsoleApp1TableFunction\ConsoleApp1TableFunction.csproj", "{2EE4D77F-694F-48A0-A2A4-46FAB2219FEC}"
EndProject
Project("{FAE04EC0-301F-11D3-BF4B-00C04F79EFBC}") = "ConsoleApp2MinFunc", "ConsoleApp2MinFunc\ConsoleApp2MinFunc.csproj", "{E05103D1-F501-4397-85D5-94C2262F0B3B}"
EndProject
Project("{FAE04EC0-301F-11D3-BF4B-00C04F79EFBC}") = "ConsoleApp3Collection", "ConsoleApp3Collection\ConsoleApp3Collection.csproj", "{627CDBD0-EDD0-4849-BBD9-A66A54337818}"
EndProject
Global
	GlobalSection(SolutionConfigurationPlatforms) = preSolution
		Debug|Any CPU = Debug|Any CPU
		Release|Any CPU = Release|Any CPU
	EndGlobalSection
	GlobalSection(ProjectConfigurationPlatforms) = postSolution
		{2EE4D77F-694F-48A0-A2A4-46FAB2219FEC}.Debug|Any CPU.ActiveCfg = Debug|Any CPU
		{2EE4D77F-694F-48A0-A2A4-46FAB2219FEC}.Debug|Any CPU.Build.0 = Debug|Any CPU
		{2EE4D77F-694F-48A0-A2A4-46FAB2219FEC}.Release|Any CPU.ActiveCfg = Release|Any CPU
		{2EE4D77F-694F-48A0-A2A4-46FAB2219FEC}.Release|Any CPU.Build.0 = Release|Any CPU
		{E05103D1-F501-4397-85D5-94C2262F0B3B}.Debug|Any CPU.ActiveCfg = Debug|Any CPU
		{E05103D1-F501-4397-85D5-94C2262F0B3B}.Debug|Any CPU.Build.0 = Debug|Any CPU
		{E05103D1-F501-4397-85D5-94C2262F0B3B}.Release|Any CPU.ActiveCfg = Release|Any CPU
		{E05103D1-F501-4397-85D5-94C2262F0B3B}.Release|Any CPU.Build.0 = Release|Any CPU
		{627CDBD0-EDD0-4849-BBD9-A66A54337818}.Debug|Any CPU.ActiveCfg = Debug|Any CPU
		{627CDBD0-EDD0-4849-BBD9-A66A54337818}.Debug|Any CPU.Build.0 = Debug|Any CPU
		{627CDBD0-EDD0-4849-BBD9-A66A54337818}.Release|Any CPU.ActiveCfg = Release|Any CPU
		{627CDBD0-EDD0-4849-BBD9-A66A54337818}.Release|Any CPU.Build.0 = Release|Any CPU
	EndGlobalSection
	GlobalSection(SolutionProperties) = preSolution
		HideSolutionNode = FALSE
	EndGlobalSection
	GlobalSection(ExtensibilityGlobals) = postSolution
		SolutionGuid = {2ABB1710-CE43-4B1C-8767-316E2564E534}
	EndGlobalSection
EndGlobal
